PODS:
  - CloudXCore (2.1.0-beta)
  - CloudXInMobiAdapter (2.1.0-beta):
    - CloudXCore
    - InMobiSDK (~> 11.1)
  - CloudXMetaAdapter (2.1.0-beta):
    - CloudXCore
    - FBAudienceNetwork (~> 6.21.0)
  - CloudXRenderer (2.1.0-beta):
    - CloudXCore
  - CloudXVungleAdapter (2.1.0-beta):
    - CloudXCore
    - VungleAds (~> 7.6.0)
  - FBAudienceNetwork (6.21.0)
  - InMobiSDK (11.1.1)
  - VungleAds (7.6.3)

DEPENDENCIES:
  - CloudXCore (from `../core`)
  - CloudXInMobiAdapter (from `../adapter-inmobi`)
  - CloudXMetaAdapter (from `../adapter-meta`)
  - CloudXRenderer (from `../renderer-cloudx`)
  - CloudXVungleAdapter (from `../adapter-vungle`)

SPEC REPOS:
  trunk:
    - FBAudienceNetwork
    - InMobiSDK
    - VungleAds

EXTERNAL SOURCES:
  CloudXCore:
    :path: "../core"
  CloudXInMobiAdapter:
    :path: "../adapter-inmobi"
  CloudXMetaAdapter:
    :path: "../adapter-meta"
  CloudXRenderer:
    :path: "../renderer-cloudx"
  CloudXVungleAdapter:
    :path: "../adapter-vungle"

SPEC CHECKSUMS:
  CloudXCore: 1bf7a46e9a97a80e57443d8ff2db8bdab264068b
  CloudXInMobiAdapter: 2054d5ae9f475d370c42318ce3ac2a10b67bdf24
  CloudXMetaAdapter: 8f9a047a900c2553479ef6a31496fb4c84bd81d0
  CloudXRenderer: 0453846e6b72b70b81eb596ffb12b257de86a197
  CloudXVungleAdapter: a4a731f3d9c5441fb484316148408262f8be5c10
  FBAudienceNetwork: f4ab9e073ab98c884dbdb5ffe7c861272b380bc2
  InMobiSDK: 4642fb34a961980ab94a1ac460c6e16e113498e6
  VungleAds: 40e87d1eaba17ac818b0f94461fd8ed21ad768dc

PODFILE CHECKSUM: bb916ad1b37855b65cd474073f34cc61f2c30ef0

COCOAPODS: 1.16.2
