PODS:
  - CloudXCore (1.2.0)
  - CloudXMetaAdapter (1.2.0):
    - CloudXCore (= 1.2.0)
    - FBAudienceNetwork (~> 6.20.1)
  - CloudXRenderer (1.2.0):
    - CloudXCore (= 1.2.0)
  - CloudXVungleAdapter (1.2.0):
    - CloudXCore (= 1.2.0)
    - VungleAds (~> 7.4.0)
  - FBAudienceNetwork (6.20.1)
  - VungleAds (7.4.5)

DEPENDENCIES:
  - CloudXCore (~> 1.2.0)
  - CloudXMetaAdapter (~> 1.2.0)
  - CloudXRenderer (~> 1.2.0)
  - CloudXVungleAdapter (~> 1.2.0)

SPEC REPOS:
  trunk:
    - CloudXCore
    - CloudXMetaAdapter
    - CloudXRenderer
    - CloudXVungleAdapter
    - FBAudienceNetwork
    - VungleAds

SPEC CHECKSUMS:
  CloudXCore: 4beebbdd1a24357b01c558faba249e5e88c01d2e
  CloudXMetaAdapter: 769c8b358af00700a4b1794cd7a09cc9b78f90c2
  CloudXRenderer: b531d53cf2ffa22d228ff0fe2b054a400eb86881
  CloudXVungleAdapter: 65f461a44329f2b8bd6fb61333c6ca819469ed06
  FBAudienceNetwork: 08e86d63a05b3a5a59414af12e4af8d756943c80
  VungleAds: 1da221690dd1a8710d0b6a4c7aeac14cb12d31ab

PODFILE CHECKSUM: 0972a59ff2f140876aa2ffe3706c4b2826708b17

COCOAPODS: 1.16.2
